// !$*UTF8*$!
{
	archiveVersion = 1;
	classes = {
	};
	objectVersion = 56;
	objects = {

/* Begin PBXBuildFile section */
		951A25792C6BA0E100415A5C /* LugaresDeLosDeseosApp.swift in Sources */ = {isa = PBXBuildFile; fileRef = 951A25782C6BA0E100415A5C /* LugaresDeLosDeseosApp.swift */; };
		951A257B2C6BA0E100415A5C /* ContentView.swift in Sources */ = {isa = PBXBuildFile; fileRef = 951A257A2C6BA0E100415A5C /* ContentView.swift */; };
		951A257D2C6BA0E300415A5C /* Assets.xcassets in Resources */ = {isa = PBXBuildFile; fileRef = 951A257C2C6BA0E300415A5C /* Assets.xcassets */; };
		951A25802C6BA0E400415A5C /* Preview Assets.xcassets in Resources */ = {isa = PBXBuildFile; fileRef = 951A257F2C6BA0E400415A5C /* Preview Assets.xcassets */; };
		951A25872C6BC4CB00415A5C /* Location.swift in Sources */ = {isa = PBXBuildFile; fileRef = 951A25862C6BC4CB00415A5C /* Location.swift */; };
		951A25892C6BC7FF00415A5C /* EditView.swift in Sources */ = {isa = PBXBuildFile; fileRef = 951A25882C6BC7FF00415A5C /* EditView.swift */; };
		951A258B2C6BD08400415A5C /* Result.swift in Sources */ = {isa = PBXBuildFile; fileRef = 951A258A2C6BD08400415A5C /* Result.swift */; };
/* End PBXBuildFile section */

/* Begin PBXFileReference section */
		951A25752C6BA0E100415A5C /* LugaresDeLosDeseos.app */ = {isa = PBXFileReference; explicitFileType = wrapper.application; includeInIndex = 0; path = LugaresDeLosDeseos.app; sourceTree = BUILT_PRODUCTS_DIR; };
		951A25782C6BA0E100415A5C /* LugaresDeLosDeseosApp.swift */ = {isa = PBXFileReference; lastKnownFileType = sourcecode.swift; path = LugaresDeLosDeseosApp.swift; sourceTree = "<group>"; };
		951A257A2C6BA0E100415A5C /* ContentView.swift */ = {isa = PBXFileReference; lastKnownFileType = sourcecode.swift; path = ContentView.swift; sourceTree = "<group>"; };
		951A257C2C6BA0E300415A5C /* Assets.xcassets */ = {isa = PBXFileReference; lastKnownFileType = folder.assetcatalog; path = Assets.xcassets; sourceTree = "<group>"; };
		951A257F2C6BA0E400415A5C /* Preview Assets.xcassets */ = {isa = PBXFileReference; lastKnownFileType = folder.assetcatalog; path = "Preview Assets.xcassets"; sourceTree = "<group>"; };
		951A25862C6BC4CB00415A5C /* Location.swift */ = {isa = PBXFileReference; lastKnownFileType = sourcecode.swift; path = Location.swift; sourceTree = "<group>"; };
		951A25882C6BC7FF00415A5C /* EditView.swift */ = {isa = PBXFileReference; lastKnownFileType = sourcecode.swift; path = EditView.swift; sourceTree = "<group>"; };
		951A258A2C6BD08400415A5C /* Result.swift */ = {isa = PBXFileReference; lastKnownFileType = sourcecode.swift; path = Result.swift; sourceTree = "<group>"; };
/* End PBXFileReference section */

/* Begin PBXFrameworksBuildPhase section */
		951A25722C6BA0E100415A5C /* Frameworks */ = {
			isa = PBXFrameworksBuildPhase;
			buildActionMask = 2147483647;
			files = (
			);
			runOnlyForDeploymentPostprocessing = 0;
		};
/* End PBXFrameworksBuildPhase section */

/* Begin PBXGroup section */
		951A256C2C6BA0E100415A5C = {
			isa = PBXGroup;
			children = (
				951A25772C6BA0E100415A5C /* LugaresDeLosDeseos */,
				951A25762C6BA0E100415A5C /* Products */,
			);
			sourceTree = "<group>";
		};
		951A25762C6BA0E100415A5C /* Products */ = {
			isa = PBXGroup;
			children = (
				951A25752C6BA0E100415A5C /* LugaresDeLosDeseos.app */,
			);
			name = Products;
			sourceTree = "<group>";
		};
		951A25772C6BA0E100415A5C /* LugaresDeLosDeseos */ = {
			isa = PBXGroup;
			children = (
				951A258C2C6BD08C00415A5C /* Models */,
				951A25782C6BA0E100415A5C /* LugaresDeLosDeseosApp.swift */,
				951A257A2C6BA0E100415A5C /* ContentView.swift */,
				951A257C2C6BA0E300415A5C /* Assets.xcassets */,
				951A257E2C6BA0E400415A5C /* Preview Content */,
				951A25882C6BC7FF00415A5C /* EditView.swift */,
			);
			path = LugaresDeLosDeseos;
			sourceTree = "<group>";
		};
		951A257E2C6BA0E400415A5C /* Preview Content */ = {
			isa = PBXGroup;
			children = (
				951A257F2C6BA0E400415A5C /* Preview Assets.xcassets */,
			);
			path = "Preview Content";
			sourceTree = "<group>";
		};
		951A258C2C6BD08C00415A5C /* Models */ = {
			isa = PBXGroup;
			children = (
				951A258A2C6BD08400415A5C /* Result.swift */,
				951A25862C6BC4CB00415A5C /* Location.swift */,
			);
			path = Models;
			sourceTree = "<group>";
		};
/* End PBXGroup section */

/* Begin PBXNativeTarget section */
		951A25742C6BA0E100415A5C /* LugaresDeLosDeseos */ = {
			isa = PBXNativeTarget;
			buildConfigurationList = 951A25832C6BA0E400415A5C /* Build configuration list for PBXNativeTarget "LugaresDeLosDeseos" */;
			buildPhases = (
				951A25712C6BA0E100415A5C /* Sources */,
				951A25722C6BA0E100415A5C /* Frameworks */,
				951A25732C6BA0E100415A5C /* Resources */,
			);
			buildRules = (
			);
			dependencies = (
			);
			name = LugaresDeLosDeseos;
			productName = LugaresDeLosDeseos;
			productReference = 951A25752C6BA0E100415A5C /* LugaresDeLosDeseos.app */;
			productType = "com.apple.product-type.application";
		};
/* End PBXNativeTarget section */

/* Begin PBXProject section */
		951A256D2C6BA0E100415A5C /* Project object */ = {
			isa = PBXProject;
			attributes = {
				BuildIndependentTargetsInParallel = 1;
				LastSwiftUpdateCheck = 1540;
				LastUpgradeCheck = 1540;
				TargetAttributes = {
					951A25742C6BA0E100415A5C = {
						CreatedOnToolsVersion = 15.4;
					};
				};
			};
			buildConfigurationList = 951A25702C6BA0E100415A5C /* Build configuration list for PBXProject "LugaresDeLosDeseos" */;
			compatibilityVersion = "Xcode 14.0";
			developmentRegion = en;
			hasScannedForEncodings = 0;
			knownRegions = (
				en,
				Base,
			);
			mainGroup = 951A256C2C6BA0E100415A5C;
			productRefGroup = 951A25762C6BA0E100415A5C /* Products */;
			projectDirPath = "";
			projectRoot = "";
			targets = (
				951A25742C6BA0E100415A5C /* LugaresDeLosDeseos */,
			);
		};
/* End PBXProject section */

/* Begin PBXResourcesBuildPhase section */
		951A25732C6BA0E100415A5C /* Resources */ = {
			isa = PBXResourcesBuildPhase;
			buildActionMask = 2147483647;
			files = (
				951A25802C6BA0E400415A5C /* Preview Assets.xcassets in Resources */,
				951A257D2C6BA0E300415A5C /* Assets.xcassets in Resources */,
			);
			runOnlyForDeploymentPostprocessing = 0;
		};
/* End PBXResourcesBuildPhase section */

/* Begin PBXSourcesBuildPhase section */
		951A25712C6BA0E100415A5C /* Sources */ = {
			isa = PBXSourcesBuildPhase;
			buildActionMask = 2147483647;
			files = (
				951A257B2C6BA0E100415A5C /* ContentView.swift in Sources */,
				951A258B2C6BD08400415A5C /* Result.swift in Sources */,
				951A25872C6BC4CB00415A5C /* Location.swift in Sources */,
				951A25892C6BC7FF00415A5C /* EditView.swift in Sources */,
				951A25792C6BA0E100415A5C /* LugaresDeLosDeseosApp.swift in Sources */,
			);
			runOnlyForDeploymentPostprocessing = 0;
		};
/* End PBXSourcesBuildPhase section */

/* Begin XCBuildConfiguration section */
		951A25812C6BA0E400415A5C /* Debug */ = {
			isa = XCBuildConfiguration;
			buildSettings = {
				ALWAYS_SEARCH_USER_PATHS = NO;
				ASSETCATALOG_COMPILER_GENERATE_SWIFT_ASSET_SYMBOL_EXTENSIONS = YES;
				CLANG_ANALYZER_NONNULL = YES;
				CLANG_ANALYZER_NUMBER_OBJECT_CONVERSION = YES_AGGRESSIVE;
				CLANG_CXX_LANGUAGE_STANDARD = "gnu++20";
				CLANG_ENABLE_MODULES = YES;
				CLANG_ENABLE_OBJC_ARC = YES;
				CLANG_ENABLE_OBJC_WEAK = YES;
				CLANG_WARN_BLOCK_CAPTURE_AUTORELEASING = YES;
				CLANG_WARN_BOOL_CONVERSION = YES;
				CLANG_WARN_COMMA = YES;
				CLANG_WARN_CONSTANT_CONVERSION = YES;
				CLANG_WARN_DEPRECATED_OBJC_IMPLEMENTATIONS = YES;
				CLANG_WARN_DIRECT_OBJC_ISA_USAGE = YES_ERROR;
				CLANG_WARN_DOCUMENTATION_COMMENTS = YES;
				CLANG_WARN_EMPTY_BODY = YES;
				CLANG_WARN_ENUM_CONVERSION = YES;
				CLANG_WARN_INFINITE_RECURSION = YES;
				CLANG_WARN_INT_CONVERSION = YES;
				CLANG_WARN_NON_LITERAL_NULL_CONVERSION = YES;
				CLANG_WARN_OBJC_IMPLICIT_RETAIN_SELF = YES;
				CLANG_WARN_OBJC_LITERAL_CONVERSION = YES;
				CLANG_WARN_OBJC_ROOT_CLASS = YES_ERROR;
				CLANG_WARN_QUOTED_INCLUDE_IN_FRAMEWORK_HEADER = YES;
				CLANG_WARN_RANGE_LOOP_ANALYSIS = YES;
				CLANG_WARN_STRICT_PROTOTYPES = YES;
				CLANG_WARN_SUSPICIOUS_MOVE = YES;
				CLANG_WARN_UNGUARDED_AVAILABILITY = YES_AGGRESSIVE;
				CLANG_WARN_UNREACHABLE_CODE = YES;
				CLANG_WARN__DUPLICATE_METHOD_MATCH = YES;
				COPY_PHASE_STRIP = NO;
				DEBUG_INFORMATION_FORMAT = dwarf;
				ENABLE_STRICT_OBJC_MSGSEND = YES;
				ENABLE_TESTABILITY = YES;
				ENABLE_USER_SCRIPT_SANDBOXING = YES;
				GCC_C_LANGUAGE_STANDARD = gnu17;
				GCC_DYNAMIC_NO_PIC = NO;
				GCC_NO_COMMON_BLOCKS = YES;
				GCC_OPTIMIZATION_LEVEL = 0;
				GCC_PREPROCESSOR_DEFINITIONS = (
					"DEBUG=1",
					"$(inherited)",
				);
				GCC_WARN_64_TO_32_BIT_CONVERSION = YES;
				GCC_WARN_ABOUT_RETURN_TYPE = YES_ERROR;
				GCC_WARN_UNDECLARED_SELECTOR = YES;
				GCC_WARN_UNINITIALIZED_AUTOS = YES_AGGRESSIVE;
				GCC_WARN_UNUSED_FUNCTION = YES;
				GCC_WARN_UNUSED_VARIABLE = YES;
				IPHONEOS_DEPLOYMENT_TARGET = 17.5;
				LOCALIZATION_PREFERS_STRING_CATALOGS = YES;
				MTL_ENABLE_DEBUG_INFO = INCLUDE_SOURCE;
				MTL_FAST_MATH = YES;
				ONLY_ACTIVE_ARCH = YES;
				SDKROOT = iphoneos;
				SWIFT_ACTIVE_COMPILATION_CONDITIONS = "DEBUG $(inherited)";
				SWIFT_OPTIMIZATION_LEVEL = "-Onone";
			};
			name = Debug;
		};
		951A25822C6BA0E400415A5C /* Release */ = {
			isa = XCBuildConfiguration;
			buildSettings = {
				ALWAYS_SEARCH_USER_PATHS = NO;
				ASSETCATALOG_COMPILER_GENERATE_SWIFT_ASSET_SYMBOL_EXTENSIONS = YES;
				CLANG_ANALYZER_NONNULL = YES;
				CLANG_ANALYZER_NUMBER_OBJECT_CONVERSION = YES_AGGRESSIVE;
				CLANG_CXX_LANGUAGE_STANDARD = "gnu++20";
				CLANG_ENABLE_MODULES = YES;
				CLANG_ENABLE_OBJC_ARC = YES;
				CLANG_ENABLE_OBJC_WEAK = YES;
				CLANG_WARN_BLOCK_CAPTURE_AUTORELEASING = YES;
				CLANG_WARN_BOOL_CONVERSION = YES;
				CLANG_WARN_COMMA = YES;
				CLANG_WARN_CONSTANT_CONVERSION = YES;
				CLANG_WARN_DEPRECATED_OBJC_IMPLEMENTATIONS = YES;
				CLANG_WARN_DIRECT_OBJC_ISA_USAGE = YES_ERROR;
				CLANG_WARN_DOCUMENTATION_COMMENTS = YES;
				CLANG_WARN_EMPTY_BODY = YES;
				CLANG_WARN_ENUM_CONVERSION = YES;
				CLANG_WARN_INFINITE_RECURSION = YES;
				CLANG_WARN_INT_CONVERSION = YES;
				CLANG_WARN_NON_LITERAL_NULL_CONVERSION = YES;
				CLANG_WARN_OBJC_IMPLICIT_RETAIN_SELF = YES;
				CLANG_WARN_OBJC_LITERAL_CONVERSION = YES;
				CLANG_WARN_OBJC_ROOT_CLASS = YES_ERROR;
				CLANG_WARN_QUOTED_INCLUDE_IN_FRAMEWORK_HEADER = YES;
				CLANG_WARN_RANGE_LOOP_ANALYSIS = YES;
				CLANG_WARN_STRICT_PROTOTYPES = YES;
				CLANG_WARN_SUSPICIOUS_MOVE = YES;
				CLANG_WARN_UNGUARDED_AVAILABILITY = YES_AGGRESSIVE;
				CLANG_WARN_UNREACHABLE_CODE = YES;
				CLANG_WARN__DUPLICATE_METHOD_MATCH = YES;
				COPY_PHASE_STRIP = NO;
				DEBUG_INFORMATION_FORMAT = "dwarf-with-dsym";
				ENABLE_NS_ASSERTIONS = NO;
				ENABLE_STRICT_OBJC_MSGSEND = YES;
				ENABLE_USER_SCRIPT_SANDBOXING = YES;
				GCC_C_LANGUAGE_STANDARD = gnu17;
				GCC_NO_COMMON_BLOCKS = YES;
				GCC_WARN_64_TO_32_BIT_CONVERSION = YES;
				GCC_WARN_ABOUT_RETURN_TYPE = YES_ERROR;
				GCC_WARN_UNDECLARED_SELECTOR = YES;
				GCC_WARN_UNINITIALIZED_AUTOS = YES_AGGRESSIVE;
				GCC_WARN_UNUSED_FUNCTION = YES;
				GCC_WARN_UNUSED_VARIABLE = YES;
				IPHONEOS_DEPLOYMENT_TARGET = 17.5;
				LOCALIZATION_PREFERS_STRING_CATALOGS = YES;
				MTL_ENABLE_DEBUG_INFO = NO;
				MTL_FAST_MATH = YES;
				SDKROOT = iphoneos;
				SWIFT_COMPILATION_MODE = wholemodule;
				VALIDATE_PRODUCT = YES;
			};
			name = Release;
		};
		951A25842C6BA0E400415A5C /* Debug */ = {
			isa = XCBuildConfiguration;
			buildSettings = {
				ASSETCATALOG_COMPILER_APPICON_NAME = AppIcon;
				ASSETCATALOG_COMPILER_GLOBAL_ACCENT_COLOR_NAME = AccentColor;
				CODE_SIGN_STYLE = Automatic;
				CURRENT_PROJECT_VERSION = 1;
				DEVELOPMENT_ASSET_PATHS = "\"LugaresDeLosDeseos/Preview Content\"";
				DEVELOPMENT_TEAM = 3V88CP9Q7V;
				ENABLE_PREVIEWS = YES;
				GENERATE_INFOPLIST_FILE = YES;
				INFOPLIST_KEY_NSFaceIDUsageDescription = "Necesitamos desbloquear tus datos";
				INFOPLIST_KEY_UIApplicationSceneManifest_Generation = YES;
				INFOPLIST_KEY_UIApplicationSupportsIndirectInputEvents = YES;
				INFOPLIST_KEY_UILaunchScreen_Generation = YES;
				INFOPLIST_KEY_UISupportedInterfaceOrientations_iPad = "UIInterfaceOrientationPortrait UIInterfaceOrientationPortraitUpsideDown UIInterfaceOrientationLandscapeLeft UIInterfaceOrientationLandscapeRight";
				INFOPLIST_KEY_UISupportedInterfaceOrientations_iPhone = "UIInterfaceOrientationPortrait UIInterfaceOrientationLandscapeLeft UIInterfaceOrientationLandscapeRight";
				LD_RUNPATH_SEARCH_PATHS = (
					"$(inherited)",
					"@executable_path/Frameworks",
				);
				MARKETING_VERSION = 1.0;
				PRODUCT_BUNDLE_IDENTIFIER = com.danni.brito.LugaresDeLosDeseos;
				PRODUCT_NAME = "$(TARGET_NAME)";
				SWIFT_EMIT_LOC_STRINGS = YES;
				SWIFT_VERSION = 5.0;
				TARGETED_DEVICE_FAMILY = "1,2";
			};
			name = Debug;
		};
		951A25852C6BA0E400415A5C /* Release */ = {
			isa = XCBuildConfiguration;
			buildSettings = {
				ASSETCATALOG_COMPILER_APPICON_NAME = AppIcon;
				ASSETCATALOG_COMPILER_GLOBAL_ACCENT_COLOR_NAME = AccentColor;
				CODE_SIGN_STYLE = Automatic;
				CURRENT_PROJECT_VERSION = 1;
				DEVELOPMENT_ASSET_PATHS = "\"LugaresDeLosDeseos/Preview Content\"";
				DEVELOPMENT_TEAM = 3V88CP9Q7V;
				ENABLE_PREVIEWS = YES;
				GENERATE_INFOPLIST_FILE = YES;
				INFOPLIST_KEY_NSFaceIDUsageDescription = "Necesitamos desbloquear tus datos";
				INFOPLIST_KEY_UIApplicationSceneManifest_Generation = YES;
				INFOPLIST_KEY_UIApplicationSupportsIndirectInputEvents = YES;
				INFOPLIST_KEY_UILaunchScreen_Generation = YES;
				INFOPLIST_KEY_UISupportedInterfaceOrientations_iPad = "UIInterfaceOrientationPortrait UIInterfaceOrientationPortraitUpsideDown UIInterfaceOrientationLandscapeLeft UIInterfaceOrientationLandscapeRight";
				INFOPLIST_KEY_UISupportedInterfaceOrientations_iPhone = "UIInterfaceOrientationPortrait UIInterfaceOrientationLandscapeLeft UIInterfaceOrientationLandscapeRight";
				LD_RUNPATH_SEARCH_PATHS = (
					"$(inherited)",
					"@executable_path/Frameworks",
				);
				MARKETING_VERSION = 1.0;
				PRODUCT_BUNDLE_IDENTIFIER = com.danni.brito.LugaresDeLosDeseos;
				PRODUCT_NAME = "$(TARGET_NAME)";
				SWIFT_EMIT_LOC_STRINGS = YES;
				SWIFT_VERSION = 5.0;
				TARGETED_DEVICE_FAMILY = "1,2";
			};
			name = Release;
		};
/* End XCBuildConfiguration section */

/* Begin XCConfigurationList section */
		951A25702C6BA0E100415A5C /* Build configuration list for PBXProject "LugaresDeLosDeseos" */ = {
			isa = XCConfigurationList;
			buildConfigurations = (
				951A25812C6BA0E400415A5C /* Debug */,
				951A25822C6BA0E400415A5C /* Release */,
			);
			defaultConfigurationIsVisible = 0;
			defaultConfigurationName = Release;
		};
		951A25832C6BA0E400415A5C /* Build configuration list for PBXNativeTarget "LugaresDeLosDeseos" */ = {
			isa = XCConfigurationList;
			buildConfigurations = (
				951A25842C6BA0E400415A5C /* Debug */,
				951A25852C6BA0E400415A5C /* Release */,
			);
			defaultConfigurationIsVisible = 0;
			defaultConfigurationName = Release;
		};
/* End XCConfigurationList section */
	};
	rootObject = 951A256D2C6BA0E100415A5C /* Project object */;
}
